// !$*UTF8*$!
{
	archiveVersion = 1;
	classes = {
	};
	objectVersion = 48;
	objects = {

/* Begin PBXBuildFile section */
		EF8067852057A007003CF9D1 /* AppDelegate.m in Sources */ = {isa = PBXBuildFile; fileRef = EF8067842057A007003CF9D1 /* AppDelegate.m */; };
		EF8067882057A007003CF9D1 /* ViewController.m in Sources */ = {isa = PBXBuildFile; fileRef = EF8067872057A007003CF9D1 /* ViewController.m */; };
		EF80678B2057A007003CF9D1 /* Main.storyboard in Resources */ = {isa = PBXBuildFile; fileRef = EF8067892057A007003CF9D1 /* Main.storyboard */; };
		EF80678D2057A007003CF9D1 /* Assets.xcassets in Resources */ = {isa = PBXBuildFile; fileRef = EF80678C2057A007003CF9D1 /* Assets.xcassets */; };
		EF8067902057A007003CF9D1 /* LaunchScreen.storyboard in Resources */ = {isa = PBXBuildFile; fileRef = EF80678E2057A007003CF9D1 /* LaunchScreen.storyboard */; };
		EF8067932057A007003CF9D1 /* main.m in Sources */ = {isa = PBXBuildFile; fileRef = EF8067922057A007003CF9D1 /* main.m */; };
/* End PBXBuildFile section */

/* Begin PBXFileReference section */
		EF8067802057A007003CF9D1 /* DCBooks.app */ = {isa = PBXFileReference; explicitFileType = wrapper.application; includeInIndex = 0; path = DCBooks.app; sourceTree = BUILT_PRODUCTS_DIR; };
		EF8067832057A007003CF9D1 /* AppDelegate.h */ = {isa = PBXFileReference; lastKnownFileType = sourcecode.c.h; path = AppDelegate.h; sourceTree = "<group>"; };
		EF8067842057A007003CF9D1 /* AppDelegate.m */ = {isa = PBXFileReference; lastKnownFileType = sourcecode.c.objc; path = AppDelegate.m; sourceTree = "<group>"; };
		EF8067862057A007003CF9D1 /* ViewController.h */ = {isa = PBXFileReference; lastKnownFileType = sourcecode.c.h; path = ViewController.h; sourceTree = "<group>"; };
		EF8067872057A007003CF9D1 /* ViewController.m */ = {isa = PBXFileReference; lastKnownFileType = sourcecode.c.objc; path = ViewController.m; sourceTree = "<group>"; };
		EF80678A2057A007003CF9D1 /* Base */ = {isa = PBXFileReference; lastKnownFileType = file.storyboard; name = Base; path = Base.lproj/Main.storyboard; sourceTree = "<group>"; };
		EF80678C2057A007003CF9D1 /* Assets.xcassets */ = {isa = PBXFileReference; lastKnownFileType = folder.assetcatalog; path = Assets.xcassets; sourceTree = "<group>"; };
		EF80678F2057A007003CF9D1 /* Base */ = {isa = PBXFileReference; lastKnownFileType = file.storyboard; name = Base; path = Base.lproj/LaunchScreen.storyboard; sourceTree = "<group>"; };
		EF8067912057A007003CF9D1 /* Info.plist */ = {isa = PBXFileReference; lastKnownFileType = text.plist.xml; path = Info.plist; sourceTree = "<group>"; };
		EF8067922057A007003CF9D1 /* main.m */ = {isa = PBXFileReference; lastKnownFileType = sourcecode.c.objc; path = main.m; sourceTree = "<group>"; };
/* End PBXFileReference section */

/* Begin PBXFrameworksBuildPhase section */
		EF80677D2057A007003CF9D1 /* Frameworks */ = {
			isa = PBXFrameworksBuildPhase;
			buildActionMask = 2147483647;
			files = (
			);
			runOnlyForDeploymentPostprocessing = 0;
		};
/* End PBXFrameworksBuildPhase section */

/* Begin PBXGroup section */
		EF8067772057A007003CF9D1 = {
			isa = PBXGroup;
			children = (
				EF8067822057A007003CF9D1 /* DCBooks */,
				EF8067812057A007003CF9D1 /* Products */,
			);
			sourceTree = "<group>";
		};
		EF8067812057A007003CF9D1 /* Products */ = {
			isa = PBXGroup;
			children = (
				EF8067802057A007003CF9D1 /* DCBooks.app */,
			);
			name = Products;
			sourceTree = "<group>";
		};
		EF8067822057A007003CF9D1 /* DCBooks */ = {
			isa = PBXGroup;
			children = (
				EF8067832057A007003CF9D1 /* AppDelegate.h */,
				EF8067842057A007003CF9D1 /* AppDelegate.m */,
				EF8067862057A007003CF9D1 /* ViewController.h */,
				EF8067872057A007003CF9D1 /* ViewController.m */,
				EF8067892057A007003CF9D1 /* Main.storyboard */,
				EF80678C2057A007003CF9D1 /* Assets.xcassets */,
				EF80678E2057A007003CF9D1 /* LaunchScreen.storyboard */,
				EF8067912057A007003CF9D1 /* Info.plist */,
				EF8067922057A007003CF9D1 /* main.m */,
			);
			path = DCBooks;
			sourceTree = "<group>";
		};
/* End PBXGroup section */

/* Begin PBXNativeTarget section */
		EF80677F2057A007003CF9D1 /* DCBooks */ = {
			isa = PBXNativeTarget;
			buildConfigurationList = EF8067962057A007003CF9D1 /* Build configuration list for PBXNativeTarget "DCBooks" */;
			buildPhases = (
				EF80677C2057A007003CF9D1 /* Sources */,
				EF80677D2057A007003CF9D1 /* Frameworks */,
				EF80677E2057A007003CF9D1 /* Resources */,
			);
			buildRules = (
			);
			dependencies = (
			);
			name = DCBooks;
			productName = DCBooks;
			productReference = EF8067802057A007003CF9D1 /* DCBooks.app */;
			productType = "com.apple.product-type.application";
		};
/* End PBXNativeTarget section */

/* Begin PBXProject section */
		EF8067782057A007003CF9D1 /* Project object */ = {
			isa = PBXProject;
			attributes = {
				LastUpgradeCheck = 0910;
				ORGANIZATIONNAME = cheyr;
				TargetAttributes = {
					EF80677F2057A007003CF9D1 = {
						CreatedOnToolsVersion = 9.1;
						ProvisioningStyle = Automatic;
					};
				};
			};
			buildConfigurationList = EF80677B2057A007003CF9D1 /* Build configuration list for PBXProject "DCBooks" */;
			compatibilityVersion = "Xcode 8.0";
			developmentRegion = en;
			hasScannedForEncodings = 0;
			knownRegions = (
				en,
				Base,
			);
			mainGroup = EF8067772057A007003CF9D1;
			productRefGroup = EF8067812057A007003CF9D1 /* Products */;
			projectDirPath = "";
			projectRoot = "";
			targets = (
				EF80677F2057A007003CF9D1 /* DCBooks */,
			);
		};
/* End PBXProject section */

/* Begin PBXResourcesBuildPhase section */
		EF80677E2057A007003CF9D1 /* Resources */ = {
			isa = PBXResourcesBuildPhase;
			buildActionMask = 2147483647;
			files = (
				EF8067902057A007003CF9D1 /* LaunchScreen.storyboard in Resources */,
				EF80678D2057A007003CF9D1 /* Assets.xcassets in Resources */,
				EF80678B2057A007003CF9D1 /* Main.storyboard in Resources */,
			);
			runOnlyForDeploymentPostprocessing = 0;
		};
/* End PBXResourcesBuildPhase section */

/* Begin PBXSourcesBuildPhase section */
		EF80677C2057A007003CF9D1 /* Sources */ = {
			isa = PBXSourcesBuildPhase;
			buildActionMask = 2147483647;
			files = (
				EF8067882057A007003CF9D1 /* ViewController.m in Sources */,
				EF8067932057A007003CF9D1 /* main.m in Sources */,
				EF8067852057A007003CF9D1 /* AppDelegate.m in Sources */,
			);
			runOnlyForDeploymentPostprocessing = 0;
		};
/* End PBXSourcesBuildPhase section */

/* Begin PBXVariantGroup section */
		EF8067892057A007003CF9D1 /* Main.storyboard */ = {
			isa = PBXVariantGroup;
			children = (
				EF80678A2057A007003CF9D1 /* Base */,
			);
			name = Main.storyboard;
			sourceTree = "<group>";
		};
		EF80678E2057A007003CF9D1 /* LaunchScreen.storyboard */ = {
			isa = PBXVariantGroup;
			children = (
				EF80678F2057A007003CF9D1 /* Base */,
			);
			name = LaunchScreen.storyboard;
			sourceTree = "<group>";
		};
/* End PBXVariantGroup section */

/* Begin XCBuildConfiguration section */
		EF8067942057A007003CF9D1 /* Debug */ = {
			isa = XCBuildConfiguration;
			buildSettings = {
				ALWAYS_SEARCH_USER_PATHS = NO;
				CLANG_ANALYZER_NONNULL = YES;
				CLANG_ANALYZER_NUMBER_OBJECT_CONVERSION = YES_AGGRESSIVE;
				CLANG_CXX_LANGUAGE_STANDARD = "gnu++14";
				CLANG_CXX_LIBRARY = "libc++";
				CLANG_ENABLE_MODULES = YES;
				CLANG_ENABLE_OBJC_ARC = YES;
				CLANG_WARN_BLOCK_CAPTURE_AUTORELEASING = YES;
				CLANG_WARN_BOOL_CONVERSION = YES;
				CLANG_WARN_COMMA = YES;
				CLANG_WARN_CONSTANT_CONVERSION = YES;
				CLANG_WARN_DIRECT_OBJC_ISA_USAGE = YES_ERROR;
				CLANG_WARN_DOCUMENTATION_COMMENTS = YES;
				CLANG_WARN_EMPTY_BODY = YES;
				CLANG_WARN_ENUM_CONVERSION = YES;
				CLANG_WARN_INFINITE_RECURSION = YES;
				CLANG_WARN_INT_CONVERSION = YES;
				CLANG_WARN_NON_LITERAL_NULL_CONVERSION = YES;
				CLANG_WARN_OBJC_LITERAL_CONVERSION = YES;
				CLANG_WARN_OBJC_ROOT_CLASS = YES_ERROR;
				CLANG_WARN_RANGE_LOOP_ANALYSIS = YES;
				CLANG_WARN_STRICT_PROTOTYPES = YES;
				CLANG_WARN_SUSPICIOUS_MOVE = YES;
				CLANG_WARN_UNGUARDED_AVAILABILITY = YES_AGGRESSIVE;
				CLANG_WARN_UNREACHABLE_CODE = YES;
				CLANG_WARN__DUPLICATE_METHOD_MATCH = YES;
				CODE_SIGN_IDENTITY = "iPhone Developer";
				COPY_PHASE_STRIP = NO;
				DEBUG_INFORMATION_FORMAT = dwarf;
				ENABLE_STRICT_OBJC_MSGSEND = YES;
				ENABLE_TESTABILITY = YES;
				GCC_C_LANGUAGE_STANDARD = gnu11;
				GCC_DYNAMIC_NO_PIC = NO;
				GCC_NO_COMMON_BLOCKS = YES;
				GCC_OPTIMIZATION_LEVEL = 0;
				GCC_PREPROCESSOR_DEFINITIONS = (
					"DEBUG=1",
					"$(inherited)",
				);
				GCC_WARN_64_TO_32_BIT_CONVERSION = YES;
				GCC_WARN_ABOUT_RETURN_TYPE = YES_ERROR;
				GCC_WARN_UNDECLARED_SELECTOR = YES;
				GCC_WARN_UNINITIALIZED_AUTOS = YES_AGGRESSIVE;
				GCC_WARN_UNUSED_FUNCTION = YES;
				GCC_WARN_UNUSED_VARIABLE = YES;
				IPHONEOS_DEPLOYMENT_TARGET = 11.1;
				MTL_ENABLE_DEBUG_INFO = YES;
				ONLY_ACTIVE_ARCH = YES;
				SDKROOT = iphoneos;
			};
			name = Debug;
		};
		EF8067952057A007003CF9D1 /* Release */ = {
			isa = XCBuildConfiguration;
			buildSettings = {
				ALWAYS_SEARCH_USER_PATHS = NO;
				CLANG_ANALYZER_NONNULL = YES;
				CLANG_ANALYZER_NUMBER_OBJECT_CONVERSION = YES_AGGRESSIVE;
				CLANG_CXX_LANGUAGE_STANDARD = "gnu++14";
				CLANG_CXX_LIBRARY = "libc++";
				CLANG_ENABLE_MODULES = YES;
				CLANG_ENABLE_OBJC_ARC = YES;
				CLANG_WARN_BLOCK_CAPTURE_AUTORELEASING = YES;
				CLANG_WARN_BOOL_CONVERSION = YES;
				CLANG_WARN_COMMA = YES;
				CLANG_WARN_CONSTANT_CONVERSION = YES;
				CLANG_WARN_DIRECT_OBJC_ISA_USAGE = YES_ERROR;
				CLANG_WARN_DOCUMENTATION_COMMENTS = YES;
				CLANG_WARN_EMPTY_BODY = YES;
				CLANG_WARN_ENUM_CONVERSION = YES;
				CLANG_WARN_INFINITE_RECURSION = YES;
				CLANG_WARN_INT_CONVERSION = YES;
				CLANG_WARN_NON_LITERAL_NULL_CONVERSION = YES;
				CLANG_WARN_OBJC_LITERAL_CONVERSION = YES;
				CLANG_WARN_OBJC_ROOT_CLASS = YES_ERROR;
				CLANG_WARN_RANGE_LOOP_ANALYSIS = YES;
				CLANG_WARN_STRICT_PROTOTYPES = YES;
				CLANG_WARN_SUSPICIOUS_MOVE = YES;
				CLANG_WARN_UNGUARDED_AVAILABILITY = YES_AGGRESSIVE;
				CLANG_WARN_UNREACHABLE_CODE = YES;
				CLANG_WARN__DUPLICATE_METHOD_MATCH = YES;
				CODE_SIGN_IDENTITY = "iPhone Developer";
				COPY_PHASE_STRIP = NO;
				DEBUG_INFORMATION_FORMAT = "dwarf-with-dsym";
				ENABLE_NS_ASSERTIONS = NO;
				ENABLE_STRICT_OBJC_MSGSEND = YES;
				GCC_C_LANGUAGE_STANDARD = gnu11;
				GCC_NO_COMMON_BLOCKS = YES;
				GCC_WARN_64_TO_32_BIT_CONVERSION = YES;
				GCC_WARN_ABOUT_RETURN_TYPE = YES_ERROR;
				GCC_WARN_UNDECLARED_SELECTOR = YES;
				GCC_WARN_UNINITIALIZED_AUTOS = YES_AGGRESSIVE;
				GCC_WARN_UNUSED_FUNCTION = YES;
				GCC_WARN_UNUSED_VARIABLE = YES;
				IPHONEOS_DEPLOYMENT_TARGET = 11.1;
				MTL_ENABLE_DEBUG_INFO = NO;
				SDKROOT = iphoneos;
				VALIDATE_PRODUCT = YES;
			};
			name = Release;
		};
		EF8067972057A007003CF9D1 /* Debug */ = {
			isa = XCBuildConfiguration;
			buildSettings = {
				ASSETCATALOG_COMPILER_APPICON_NAME = AppIcon;
				CODE_SIGN_STYLE = Automatic;
				DEVELOPMENT_TEAM = HHX694MS79;
				INFOPLIST_FILE = DCBooks/Info.plist;
				LD_RUNPATH_SEARCH_PATHS = "$(inherited) @executable_path/Frameworks";
				PRODUCT_BUNDLE_IDENTIFIER = com.daichuan.www.DCBooks;
				PRODUCT_NAME = "$(TARGET_NAME)";
				TARGETED_DEVICE_FAMILY = "1,2";
			};
			name = Debug;
		};
		EF8067982057A007003CF9D1 /* Release */ = {
			isa = XCBuildConfiguration;
			buildSettings = {
				ASSETCATALOG_COMPILER_APPICON_NAME = AppIcon;
				CODE_SIGN_STYLE = Automatic;
				DEVELOPMENT_TEAM = HHX694MS79;
				INFOPLIST_FILE = DCBooks/Info.plist;
				LD_RUNPATH_SEARCH_PATHS = "$(inherited) @executable_path/Frameworks";
				PRODUCT_BUNDLE_IDENTIFIER = com.daichuan.www.DCBooks;
				PRODUCT_NAME = "$(TARGET_NAME)";
				TARGETED_DEVICE_FAMILY = "1,2";
			};
			name = Release;
		};
/* End XCBuildConfiguration section */

/* Begin XCConfigurationList section */
		EF80677B2057A007003CF9D1 /* Build configuration list for PBXProject "DCBooks" */ = {
			isa = XCConfigurationList;
			buildConfigurations = (
				EF8067942057A007003CF9D1 /* Debug */,
				EF8067952057A007003CF9D1 /* Release */,
			);
			defaultConfigurationIsVisible = 0;
			defaultConfigurationName = Release;
		};
		EF8067962057A007003CF9D1 /* Build configuration list for PBXNativeTarget "DCBooks" */ = {
			isa = XCConfigurationList;
			buildConfigurations = (
				EF8067972057A007003CF9D1 /* Debug */,
				EF8067982057A007003CF9D1 /* Release */,
			);
			defaultConfigurationIsVisible = 0;
			defaultConfigurationName = Release;
		};
/* End XCConfigurationList section */
	};
	rootObject = EF8067782057A007003CF9D1 /* Project object */;
}
